
Microsoft Visual Studio Solution File, Format Version 12.00
# Visual Studio Version 16
VisualStudioVersion = 16.0.29806.167
MinimumVisualStudioVersion = 10.0.40219.1
Project("{FAE04EC0-301F-11D3-BF4B-00C04F79EFBC}") = "SimpleUdpClient", "SimpleUdpClient.csproj", "{496CDBEC-842B-4ADF-81C1-336B865F7834}"
EndProject
Global
	GlobalSection(SolutionConfigurationPlatforms) = preSolution
		Debug|Any CPU = Debug|Any CPU
		Release|Any CPU = Release|Any CPU
	EndGlobalSection
	GlobalSection(ProjectConfigurationPlatforms) = postSolution
		{496CDBEC-842B-4ADF-81C1-336B865F7834}.Debug|Any CPU.ActiveCfg = Debug|Any CPU
		{496CDBEC-842B-4ADF-81C1-336B865F7834}.Debug|Any CPU.Build.0 = Debug|Any CPU
		{496CDBEC-842B-4ADF-81C1-336B865F7834}.Release|Any CPU.ActiveCfg = Release|Any CPU
		{496CDBEC-842B-4ADF-81C1-336B865F7834}.Release|Any CPU.Build.0 = Release|Any CPU
	EndGlobalSection
	GlobalSection(SolutionProperties) = preSolution
		HideSolutionNode = FALSE
	EndGlobalSection
	GlobalSection(ExtensibilityGlobals) = postSolution
		SolutionGuid = {6F2321BB-7D08-4FE7-9451-31B2994A51C2}
	EndGlobalSection
EndGlobal
