
Microsoft Visual Studio Solution File, Format Version 12.00
# Visual Studio Version 17
VisualStudioVersion = 17.7.34024.191
MinimumVisualStudioVersion = 10.0.40219.1
Project("{9A19103F-16F7-4668-BE54-9A1E7A4F7556}") = "NetTools", "NetSocket\NetTools.csproj", "{FE401778-164E-4F32-A830-00EF7D3EB7F2}"
EndProject
Project("{9A19103F-16F7-4668-BE54-9A1E7A4F7556}") = "NetServer", "NetServer\NetServer.csproj", "{F809410B-E1A6-4101-A08D-5DEB762F5AFF}"
EndProject
Project("{9A19103F-16F7-4668-BE54-9A1E7A4F7556}") = "NetClient", "NetClient\NetClient.csproj", "{AA5D335A-5619-4835-83D1-A868C706B2C1}"
EndProject
Project("{9A19103F-16F7-4668-BE54-9A1E7A4F7556}") = "Protocol", "Protocol\Protocol.csproj", "{B1706267-F3ED-4B3D-9F52-41B1B52638CD}"
EndProject
Project("{FAE04EC0-301F-11D3-BF4B-00C04F79EFBC}") = "Test", "Test\Test.csproj", "{CE8BB0F3-218F-4130-B3E8-F39F1A565EBE}"
EndProject
Global
	GlobalSection(SolutionConfigurationPlatforms) = preSolution
		Debug|Any CPU = Debug|Any CPU
		Release|Any CPU = Release|Any CPU
	EndGlobalSection
	GlobalSection(ProjectConfigurationPlatforms) = postSolution
		{FE401778-164E-4F32-A830-00EF7D3EB7F2}.Debug|Any CPU.ActiveCfg = Debug|Any CPU
		{FE401778-164E-4F32-A830-00EF7D3EB7F2}.Debug|Any CPU.Build.0 = Debug|Any CPU
		{FE401778-164E-4F32-A830-00EF7D3EB7F2}.Release|Any CPU.ActiveCfg = Release|Any CPU
		{FE401778-164E-4F32-A830-00EF7D3EB7F2}.Release|Any CPU.Build.0 = Release|Any CPU
		{F809410B-E1A6-4101-A08D-5DEB762F5AFF}.Debug|Any CPU.ActiveCfg = Debug|Any CPU
		{F809410B-E1A6-4101-A08D-5DEB762F5AFF}.Debug|Any CPU.Build.0 = Debug|Any CPU
		{F809410B-E1A6-4101-A08D-5DEB762F5AFF}.Release|Any CPU.ActiveCfg = Release|Any CPU
		{F809410B-E1A6-4101-A08D-5DEB762F5AFF}.Release|Any CPU.Build.0 = Release|Any CPU
		{AA5D335A-5619-4835-83D1-A868C706B2C1}.Debug|Any CPU.ActiveCfg = Debug|Any CPU
		{AA5D335A-5619-4835-83D1-A868C706B2C1}.Debug|Any CPU.Build.0 = Debug|Any CPU
		{AA5D335A-5619-4835-83D1-A868C706B2C1}.Release|Any CPU.ActiveCfg = Release|Any CPU
		{AA5D335A-5619-4835-83D1-A868C706B2C1}.Release|Any CPU.Build.0 = Release|Any CPU
		{B1706267-F3ED-4B3D-9F52-41B1B52638CD}.Debug|Any CPU.ActiveCfg = Debug|Any CPU
		{B1706267-F3ED-4B3D-9F52-41B1B52638CD}.Debug|Any CPU.Build.0 = Debug|Any CPU
		{B1706267-F3ED-4B3D-9F52-41B1B52638CD}.Release|Any CPU.ActiveCfg = Release|Any CPU
		{B1706267-F3ED-4B3D-9F52-41B1B52638CD}.Release|Any CPU.Build.0 = Release|Any CPU
		{CE8BB0F3-218F-4130-B3E8-F39F1A565EBE}.Debug|Any CPU.ActiveCfg = Debug|Any CPU
		{CE8BB0F3-218F-4130-B3E8-F39F1A565EBE}.Debug|Any CPU.Build.0 = Debug|Any CPU
		{CE8BB0F3-218F-4130-B3E8-F39F1A565EBE}.Release|Any CPU.ActiveCfg = Release|Any CPU
		{CE8BB0F3-218F-4130-B3E8-F39F1A565EBE}.Release|Any CPU.Build.0 = Release|Any CPU
	EndGlobalSection
	GlobalSection(SolutionProperties) = preSolution
		HideSolutionNode = FALSE
	EndGlobalSection
	GlobalSection(ExtensibilityGlobals) = postSolution
		SolutionGuid = {08914AB4-E1CD-4EC2-A5DF-55A254F132C3}
	EndGlobalSection
EndGlobal
