
Microsoft Visual Studio Solution File, Format Version 12.00
# Visual Studio Version 17
VisualStudioVersion = 17.7.34003.232
MinimumVisualStudioVersion = 10.0.40219.1
Project("{9A19103F-16F7-4668-BE54-9A1E7A4F7556}") = "Server", "Server\Server.csproj", "{A5F383FD-1792-4DC7-965B-901D0D492F05}"
EndProject
Project("{2150E333-8FDC-42A3-9474-1A3956D46DE8}") = "Solution Items", "Solution Items", "{4D0EF474-C47E-4304-93B4-09F054B66D60}"
	ProjectSection(SolutionItems) = preProject
		.editorconfig = .editorconfig
	EndProjectSection
EndProject
Global
	GlobalSection(SolutionConfigurationPlatforms) = preSolution
		Debug|Any CPU = Debug|Any CPU
		Release|Any CPU = Release|Any CPU
	EndGlobalSection
	GlobalSection(ProjectConfigurationPlatforms) = postSolution
		{A5F383FD-1792-4DC7-965B-901D0D492F05}.Debug|Any CPU.ActiveCfg = Debug|Any CPU
		{A5F383FD-1792-4DC7-965B-901D0D492F05}.Debug|Any CPU.Build.0 = Debug|Any CPU
		{A5F383FD-1792-4DC7-965B-901D0D492F05}.Release|Any CPU.ActiveCfg = Release|Any CPU
		{A5F383FD-1792-4DC7-965B-901D0D492F05}.Release|Any CPU.Build.0 = Release|Any CPU
	EndGlobalSection
	GlobalSection(SolutionProperties) = preSolution
		HideSolutionNode = FALSE
	EndGlobalSection
	GlobalSection(ExtensibilityGlobals) = postSolution
		SolutionGuid = {5F6F65FC-4A02-48E6-8A86-6BF388006E74}
	EndGlobalSection
EndGlobal
